
Microsoft Visual Studio Solution File, Format Version 12.00
# Visual Studio 14
VisualStudioVersion = 14.0.25420.1
MinimumVisualStudioVersion = 10.0.40219.1
Project("{FAE04EC0-301F-11D3-BF4B-00C04F79EFBC}") = "Orationi.Master", "Orationi.Master\Orationi.Master.csproj", "{E71BC3AE-2460-46BD-AF14-42B5945919A1}"
EndProject
Project("{FAE04EC0-301F-11D3-BF4B-00C04F79EFBC}") = "WindowsService", "WindowsService\WindowsService.csproj", "{968FEFEE-6610-4652-9E10-314B9AEA1AA5}"
EndProject
Global
	GlobalSection(SolutionConfigurationPlatforms) = preSolution
		Debug|Any CPU = Debug|Any CPU
		Release|Any CPU = Release|Any CPU
	EndGlobalSection
	GlobalSection(ProjectConfigurationPlatforms) = postSolution
		{E71BC3AE-2460-46BD-AF14-42B5945919A1}.Debug|Any CPU.ActiveCfg = Debug|Any CPU
		{E71BC3AE-2460-46BD-AF14-42B5945919A1}.Debug|Any CPU.Build.0 = Debug|Any CPU
		{E71BC3AE-2460-46BD-AF14-42B5945919A1}.Release|Any CPU.ActiveCfg = Release|Any CPU
		{E71BC3AE-2460-46BD-AF14-42B5945919A1}.Release|Any CPU.Build.0 = Release|Any CPU
		{968FEFEE-6610-4652-9E10-314B9AEA1AA5}.Debug|Any CPU.ActiveCfg = Debug|Any CPU
		{968FEFEE-6610-4652-9E10-314B9AEA1AA5}.Debug|Any CPU.Build.0 = Debug|Any CPU
		{968FEFEE-6610-4652-9E10-314B9AEA1AA5}.Release|Any CPU.ActiveCfg = Release|Any CPU
		{968FEFEE-6610-4652-9E10-314B9AEA1AA5}.Release|Any CPU.Build.0 = Release|Any CPU
	EndGlobalSection
	GlobalSection(SolutionProperties) = preSolution
		HideSolutionNode = FALSE
	EndGlobalSection
EndGlobal
